
Microsoft Visual Studio Solution File, Format Version 10.00
# Visual C++ Express 2008
Project("{8BC9CEB9-8B4A-11D0-8D11-00A0C91BC942}") = "vcxsrv.exe", "vcxsrv.exe", "{0A7F2844-C7BA-43E2-B7AE-48070F7AA1A7}"
EndProject
Global
	GlobalSection(SolutionConfigurationPlatforms) = preSolution
		Debug|Default = Debug|Default
	EndGlobalSection
	GlobalSection(ProjectConfigurationPlatforms) = postSolution
		{0A7F2844-C7BA-43E2-B7AE-48070F7AA1A7}.Debug|Default.ActiveCfg = Debug
	EndGlobalSection
	GlobalSection(SolutionProperties) = preSolution
		HideSolutionNode = FALSE
	EndGlobalSection
EndGlobal
