<?xml version="1.0" encoding="utf-8"?>
<Project ToolsVersion="4.0" xmlns="http://schemas.microsoft.com/developer/msbuild/2003">
  <ItemGroup>
    <Filter Include="Source Files">
      <UniqueIdentifier>{c0b7213c-4b63-4ebe-9641-5e1aff0296a0}</UniqueIdentifier>
      <Extensions>cpp;c;cxx;rc;def;r;odl;idl;hpj;bat</Extensions>
    </Filter>
    <Filter Include="Header Files">
      <UniqueIdentifier>{c0bc62a3-686f-4c7b-94d0-1e123032c0ae}</UniqueIdentifier>
      <Extensions>h;hpp;hxx;hm;inl</Extensions>
    </Filter>
    <Filter Include="C++ files">
      <UniqueIdentifier>{5f9d844f-8300-4130-947f-078dfbcbab76}</UniqueIdentifier>
      <Extensions>.cc</Extensions>
    </Filter>
    <Filter Include="Resource Files">
      <UniqueIdentifier>{41ddc86c-5959-4237-9452-a4a96a15d2c3}</UniqueIdentifier>
      <Extensions>ico;cur;bmp;dlg;rc2;rct;bin;rgs;gif;jpg;jpeg;jpe</Extensions>
    </Filter>
  </ItemGroup>
  <ItemGroup>
    <ClCompile Include="..\..\..\..\src\glu\sgi\libtess\dict.c">
      <Filter>Source Files</Filter>
    </ClCompile>
    <ClCompile Include="..\..\..\..\src\glu\sgi\libutil\error.c">
      <Filter>Source Files</Filter>
    </ClCompile>
    <ClCompile Include="..\..\..\..\src\glu\sgi\libtess\geom.c">
      <Filter>Source Files</Filter>
    </ClCompile>
    <ClCompile Include="..\..\..\..\src\glu\sgi\libutil\glue.c">
      <Filter>Source Files</Filter>
    </ClCompile>
    <ClCompile Include="..\..\..\..\src\glu\sgi\libtess\memalloc.c">
      <Filter>Source Files</Filter>
    </ClCompile>
    <ClCompile Include="..\..\..\..\src\glu\sgi\libtess\mesh.c">
      <Filter>Source Files</Filter>
    </ClCompile>
    <ClCompile Include="..\..\..\..\src\glu\sgi\libutil\mipmap.c">
      <Filter>Source Files</Filter>
    </ClCompile>
    <ClCompile Include="..\..\..\..\src\glu\sgi\libtess\normal.c">
      <Filter>Source Files</Filter>
    </ClCompile>
    <ClCompile Include="..\..\..\..\src\glu\sgi\libtess\priorityq-heap.c">
      <Filter>Source Files</Filter>
    </ClCompile>
    <ClCompile Include="..\..\..\..\src\glu\sgi\libtess\priorityq.c">
      <Filter>Source Files</Filter>
    </ClCompile>
    <ClCompile Include="..\..\..\..\src\glu\sgi\libutil\project.c">
      <Filter>Source Files</Filter>
    </ClCompile>
    <ClCompile Include="..\..\..\..\src\glu\sgi\libutil\quad.c">
      <Filter>Source Files</Filter>
    </ClCompile>
    <ClCompile Include="..\..\..\..\src\glu\sgi\libutil\registry.c">
      <Filter>Source Files</Filter>
    </ClCompile>
    <ClCompile Include="..\..\..\..\src\glu\sgi\libtess\render.c">
      <Filter>Source Files</Filter>
    </ClCompile>
    <ClCompile Include="..\..\..\..\src\glu\sgi\libtess\sweep.c">
      <Filter>Source Files</Filter>
    </ClCompile>
    <ClCompile Include="..\..\..\..\src\glu\sgi\libtess\tess.c">
      <Filter>Source Files</Filter>
    </ClCompile>
    <ClCompile Include="..\..\..\..\src\glu\sgi\libtess\tessmono.c">
      <Filter>Source Files</Filter>
    </ClCompile>
    <ClCompile Include="..\..\..\..\src\glu\sgi\libnurbs\internals\arc.cc">
      <Filter>C++ files</Filter>
    </ClCompile>
    <ClCompile Include="..\..\..\..\src\glu\sgi\libnurbs\internals\arcsorter.cc">
      <Filter>C++ files</Filter>
    </ClCompile>
    <ClCompile Include="..\..\..\..\src\glu\sgi\libnurbs\internals\arctess.cc">
      <Filter>C++ files</Filter>
    </ClCompile>
    <ClCompile Include="..\..\..\..\src\glu\sgi\libnurbs\internals\backend.cc">
      <Filter>C++ files</Filter>
    </ClCompile>
    <ClCompile Include="..\..\..\..\src\glu\sgi\libnurbs\internals\basiccrveval.cc">
      <Filter>C++ files</Filter>
    </ClCompile>
    <ClCompile Include="..\..\..\..\src\glu\sgi\libnurbs\internals\basicsurfeval.cc">
      <Filter>C++ files</Filter>
    </ClCompile>
    <ClCompile Include="..\..\..\..\src\glu\sgi\libnurbs\interface\bezierEval.cc">
      <Filter>C++ files</Filter>
    </ClCompile>
    <ClCompile Include="..\..\..\..\src\glu\sgi\libnurbs\interface\bezierPatch.cc">
      <Filter>C++ files</Filter>
    </ClCompile>
    <ClCompile Include="..\..\..\..\src\glu\sgi\libnurbs\interface\bezierPatchMesh.cc">
      <Filter>C++ files</Filter>
    </ClCompile>
    <ClCompile Include="..\..\..\..\src\glu\sgi\libnurbs\internals\bin.cc">
      <Filter>C++ files</Filter>
    </ClCompile>
    <ClCompile Include="..\..\..\..\src\glu\sgi\libnurbs\internals\bufpool.cc">
      <Filter>C++ files</Filter>
    </ClCompile>
    <ClCompile Include="..\..\..\..\src\glu\sgi\libnurbs\internals\cachingeval.cc">
      <Filter>C++ files</Filter>
    </ClCompile>
    <ClCompile Include="..\..\..\..\src\glu\sgi\libnurbs\internals\ccw.cc">
      <Filter>C++ files</Filter>
    </ClCompile>
    <ClCompile Include="..\..\..\..\src\glu\sgi\libnurbs\internals\coveandtiler.cc">
      <Filter>C++ files</Filter>
    </ClCompile>
    <ClCompile Include="..\..\..\..\src\glu\sgi\libnurbs\internals\curve.cc">
      <Filter>C++ files</Filter>
    </ClCompile>
    <ClCompile Include="..\..\..\..\src\glu\sgi\libnurbs\internals\curvelist.cc">
      <Filter>C++ files</Filter>
    </ClCompile>
    <ClCompile Include="..\..\..\..\src\glu\sgi\libnurbs\internals\curvesub.cc">
      <Filter>C++ files</Filter>
    </ClCompile>
    <ClCompile Include="..\..\..\..\src\glu\sgi\libnurbs\internals\dataTransform.cc">
      <Filter>C++ files</Filter>
    </ClCompile>
    <ClCompile Include="..\..\..\..\src\glu\sgi\libnurbs\nurbtess\directedLine.cc">
      <Filter>C++ files</Filter>
    </ClCompile>
    <ClCompile Include="..\..\..\..\src\glu\sgi\libnurbs\internals\displaylist.cc">
      <Filter>C++ files</Filter>
    </ClCompile>
    <ClCompile Include="..\..\..\..\src\glu\sgi\libnurbs\internals\flist.cc">
      <Filter>C++ files</Filter>
    </ClCompile>
    <ClCompile Include="..\..\..\..\src\glu\sgi\libnurbs\internals\flistsorter.cc">
      <Filter>C++ files</Filter>
    </ClCompile>
    <ClCompile Include="..\..\..\..\src\glu\sgi\libnurbs\interface\glcurveval.cc">
      <Filter>C++ files</Filter>
    </ClCompile>
    <ClCompile Include="..\..\..\..\src\glu\sgi\libnurbs\interface\glinterface.cc">
      <Filter>C++ files</Filter>
    </ClCompile>
    <ClCompile Include="..\..\..\..\src\glu\sgi\libnurbs\interface\glrenderer.cc">
      <Filter>C++ files</Filter>
    </ClCompile>
    <ClCompile Include="..\..\..\..\src\glu\sgi\libnurbs\interface\glsurfeval.cc">
      <Filter>C++ files</Filter>
    </ClCompile>
    <ClCompile Include="..\..\..\..\src\glu\sgi\libnurbs\nurbtess\gridWrap.cc">
      <Filter>C++ files</Filter>
    </ClCompile>
    <ClCompile Include="..\..\..\..\src\glu\sgi\libnurbs\internals\hull.cc">
      <Filter>C++ files</Filter>
    </ClCompile>
    <ClCompile Include="..\..\..\..\src\glu\sgi\libnurbs\interface\incurveeval.cc">
      <Filter>C++ files</Filter>
    </ClCompile>
    <ClCompile Include="..\..\..\..\src\glu\sgi\libnurbs\interface\insurfeval.cc">
      <Filter>C++ files</Filter>
    </ClCompile>
    <ClCompile Include="..\..\..\..\src\glu\sgi\libnurbs\internals\intersect.cc">
      <Filter>C++ files</Filter>
    </ClCompile>
    <ClCompile Include="..\..\..\..\src\glu\sgi\libnurbs\internals\knotvector.cc">
      <Filter>C++ files</Filter>
    </ClCompile>
    <ClCompile Include="..\..\..\..\src\glu\sgi\libnurbs\internals\mapdesc.cc">
      <Filter>C++ files</Filter>
    </ClCompile>
    <ClCompile Include="..\..\..\..\src\glu\sgi\libnurbs\internals\mapdescv.cc">
      <Filter>C++ files</Filter>
    </ClCompile>
    <ClCompile Include="..\..\..\..\src\glu\sgi\libnurbs\internals\maplist.cc">
      <Filter>C++ files</Filter>
    </ClCompile>
    <ClCompile Include="..\..\..\..\src\glu\sgi\libnurbs\internals\mesher.cc">
      <Filter>C++ files</Filter>
    </ClCompile>
    <ClCompile Include="..\..\..\..\src\glu\sgi\libnurbs\nurbtess\monoChain.cc">
      <Filter>C++ files</Filter>
    </ClCompile>
    <ClCompile Include="..\..\..\..\src\glu\sgi\libnurbs\nurbtess\monoPolyPart.cc">
      <Filter>C++ files</Filter>
    </ClCompile>
    <ClCompile Include="..\..\..\..\src\glu\sgi\libnurbs\internals\monotonizer.cc">
      <Filter>C++ files</Filter>
    </ClCompile>
    <ClCompile Include="..\..\..\..\src\glu\sgi\libnurbs\nurbtess\monoTriangulation.cc">
      <Filter>C++ files</Filter>
    </ClCompile>
    <ClCompile Include="..\..\..\..\src\glu\sgi\libnurbs\internals\monoTriangulationBackend.cc">
      <Filter>C++ files</Filter>
    </ClCompile>
    <ClCompile Include="..\..\..\..\src\glu\sgi\libnurbs\internals\mycode.cc">
      <Filter>C++ files</Filter>
    </ClCompile>
    <ClCompile Include="..\..\..\..\src\glu\sgi\libnurbs\internals\nurbsinterfac.cc">
      <Filter>C++ files</Filter>
    </ClCompile>
    <ClCompile Include="..\..\..\..\src\glu\sgi\libnurbs\internals\nurbstess.cc">
      <Filter>C++ files</Filter>
    </ClCompile>
    <ClCompile Include="..\..\..\..\src\glu\sgi\libnurbs\nurbtess\partitionX.cc">
      <Filter>C++ files</Filter>
    </ClCompile>
    <ClCompile Include="..\..\..\..\src\glu\sgi\libnurbs\nurbtess\partitionY.cc">
      <Filter>C++ files</Filter>
    </ClCompile>
    <ClCompile Include="..\..\..\..\src\glu\sgi\libnurbs\internals\patch.cc">
      <Filter>C++ files</Filter>
    </ClCompile>
    <ClCompile Include="..\..\..\..\src\glu\sgi\libnurbs\internals\patchlist.cc">
      <Filter>C++ files</Filter>
    </ClCompile>
    <ClCompile Include="..\..\..\..\src\glu\sgi\libnurbs\nurbtess\polyDBG.cc">
      <Filter>C++ files</Filter>
    </ClCompile>
    <ClCompile Include="..\..\..\..\src\glu\sgi\libnurbs\nurbtess\polyUtil.cc">
      <Filter>C++ files</Filter>
    </ClCompile>
    <ClCompile Include="..\..\..\..\src\glu\sgi\libnurbs\nurbtess\primitiveStream.cc">
      <Filter>C++ files</Filter>
    </ClCompile>
    <ClCompile Include="..\..\..\..\src\glu\sgi\libnurbs\nurbtess\quicksort.cc">
      <Filter>C++ files</Filter>
    </ClCompile>
    <ClCompile Include="..\..\..\..\src\glu\sgi\libnurbs\internals\quilt.cc">
      <Filter>C++ files</Filter>
    </ClCompile>
    <ClCompile Include="..\..\..\..\src\glu\sgi\libnurbs\internals\reader.cc">
      <Filter>C++ files</Filter>
    </ClCompile>
    <ClCompile Include="..\..\..\..\src\glu\sgi\libnurbs\nurbtess\rectBlock.cc">
      <Filter>C++ files</Filter>
    </ClCompile>
    <ClCompile Include="..\..\..\..\src\glu\sgi\libnurbs\internals\renderhints.cc">
      <Filter>C++ files</Filter>
    </ClCompile>
    <ClCompile Include="..\..\..\..\src\glu\sgi\libnurbs\nurbtess\sampleComp.cc">
      <Filter>C++ files</Filter>
    </ClCompile>
    <ClCompile Include="..\..\..\..\src\glu\sgi\libnurbs\nurbtess\sampleCompBot.cc">
      <Filter>C++ files</Filter>
    </ClCompile>
    <ClCompile Include="..\..\..\..\src\glu\sgi\libnurbs\nurbtess\sampleCompRight.cc">
      <Filter>C++ files</Filter>
    </ClCompile>
    <ClCompile Include="..\..\..\..\src\glu\sgi\libnurbs\nurbtess\sampleCompTop.cc">
      <Filter>C++ files</Filter>
    </ClCompile>
    <ClCompile Include="..\..\..\..\src\glu\sgi\libnurbs\nurbtess\sampledLine.cc">
      <Filter>C++ files</Filter>
    </ClCompile>
    <ClCompile Include="..\..\..\..\src\glu\sgi\libnurbs\nurbtess\sampleMonoPoly.cc">
      <Filter>C++ files</Filter>
    </ClCompile>
    <ClCompile Include="..\..\..\..\src\glu\sgi\libnurbs\nurbtess\searchTree.cc">
      <Filter>C++ files</Filter>
    </ClCompile>
    <ClCompile Include="..\..\..\..\src\glu\sgi\libnurbs\internals\slicer.cc">
      <Filter>C++ files</Filter>
    </ClCompile>
    <ClCompile Include="..\..\..\..\src\glu\sgi\libnurbs\internals\sorter.cc">
      <Filter>C++ files</Filter>
    </ClCompile>
    <ClCompile Include="..\..\..\..\src\glu\sgi\libnurbs\internals\splitarcs.cc">
      <Filter>C++ files</Filter>
    </ClCompile>
    <ClCompile Include="..\..\..\..\src\glu\sgi\libnurbs\internals\subdivider.cc">
      <Filter>C++ files</Filter>
    </ClCompile>
    <ClCompile Include="..\..\..\..\src\glu\sgi\libnurbs\internals\tobezier.cc">
      <Filter>C++ files</Filter>
    </ClCompile>
    <ClCompile Include="..\..\..\..\src\glu\sgi\libnurbs\internals\trimline.cc">
      <Filter>C++ files</Filter>
    </ClCompile>
    <ClCompile Include="..\..\..\..\src\glu\sgi\libnurbs\internals\trimregion.cc">
      <Filter>C++ files</Filter>
    </ClCompile>
    <ClCompile Include="..\..\..\..\src\glu\sgi\libnurbs\internals\trimvertpool.cc">
      <Filter>C++ files</Filter>
    </ClCompile>
    <ClCompile Include="..\..\..\..\src\glu\sgi\libnurbs\internals\uarray.cc">
      <Filter>C++ files</Filter>
    </ClCompile>
    <ClCompile Include="..\..\..\..\src\glu\sgi\libnurbs\internals\varray.cc">
      <Filter>C++ files</Filter>
    </ClCompile>
  </ItemGroup>
  <ItemGroup>
    <None Include="..\..\..\..\src\glu\sgi\glu.def">
      <Filter>Source Files</Filter>
    </None>
    <None Include="..\..\..\..\src\glu\sgi\libtess\README">
      <Filter>C++ files</Filter>
    </None>
    <None Include="..\..\..\..\src\glu\sgi\libtess\alg-outline" />
  </ItemGroup>
  <ItemGroup>
    <ClInclude Include="..\..\..\..\src\glu\sgi\libnurbs\internals\arc.h">
      <Filter>Header Files</Filter>
    </ClInclude>
    <ClInclude Include="..\..\..\..\src\glu\sgi\libnurbs\internals\arcsorter.h">
      <Filter>Header Files</Filter>
    </ClInclude>
    <ClInclude Include="..\..\..\..\src\glu\sgi\libnurbs\internals\arctess.h">
      <Filter>Header Files</Filter>
    </ClInclude>
    <ClInclude Include="..\..\..\..\src\glu\sgi\libnurbs\internals\backend.h">
      <Filter>Header Files</Filter>
    </ClInclude>
    <ClInclude Include="..\..\..\..\src\glu\sgi\libnurbs\internals\basiccrveval.h">
      <Filter>Header Files</Filter>
    </ClInclude>
    <ClInclude Include="..\..\..\..\src\glu\sgi\libnurbs\internals\basicsurfeval.h">
      <Filter>Header Files</Filter>
    </ClInclude>
    <ClInclude Include="..\..\..\..\src\glu\sgi\libnurbs\internals\bezierarc.h">
      <Filter>Header Files</Filter>
    </ClInclude>
    <ClInclude Include="..\..\..\..\src\glu\sgi\libnurbs\interface\bezierEval.h">
      <Filter>Header Files</Filter>
    </ClInclude>
    <ClInclude Include="..\..\..\..\src\glu\sgi\libnurbs\interface\bezierPatch.h">
      <Filter>Header Files</Filter>
    </ClInclude>
    <ClInclude Include="..\..\..\..\src\glu\sgi\libnurbs\interface\bezierPatchMesh.h">
      <Filter>Header Files</Filter>
    </ClInclude>
    <ClInclude Include="..\..\..\..\src\glu\sgi\libnurbs\internals\bin.h">
      <Filter>Header Files</Filter>
    </ClInclude>
    <ClInclude Include="..\..\..\..\src\glu\sgi\libnurbs\internals\bufpool.h">
      <Filter>Header Files</Filter>
    </ClInclude>
    <ClInclude Include="..\..\..\..\src\glu\sgi\libnurbs\internals\cachingeval.h">
      <Filter>Header Files</Filter>
    </ClInclude>
    <ClInclude Include="..\..\..\..\src\glu\sgi\libnurbs\internals\coveandtiler.h">
      <Filter>Header Files</Filter>
    </ClInclude>
    <ClInclude Include="..\..\..\..\src\glu\sgi\libnurbs\internals\curve.h">
      <Filter>Header Files</Filter>
    </ClInclude>
    <ClInclude Include="..\..\..\..\src\glu\sgi\libnurbs\internals\curvelist.h">
      <Filter>Header Files</Filter>
    </ClInclude>
    <ClInclude Include="..\..\..\..\src\glu\sgi\libnurbs\internals\dataTransform.h">
      <Filter>Header Files</Filter>
    </ClInclude>
    <ClInclude Include="..\..\..\..\src\glu\sgi\libnurbs\internals\defines.h">
      <Filter>Header Files</Filter>
    </ClInclude>
    <ClInclude Include="..\..\..\..\src\glu\sgi\libnurbs\nurbtess\definitions.h">
      <Filter>Header Files</Filter>
    </ClInclude>
    <ClInclude Include="..\..\..\..\src\glu\sgi\libtess\dict-list.h">
      <Filter>Header Files</Filter>
    </ClInclude>
    <ClInclude Include="..\..\..\..\src\glu\sgi\libtess\dict.h">
      <Filter>Header Files</Filter>
    </ClInclude>
    <ClInclude Include="..\..\..\..\src\glu\sgi\libnurbs\nurbtess\directedLine.h">
      <Filter>Header Files</Filter>
    </ClInclude>
    <ClInclude Include="..\..\..\..\src\glu\sgi\libnurbs\internals\displaylist.h">
      <Filter>Header Files</Filter>
    </ClInclude>
    <ClInclude Include="..\..\..\..\src\glu\sgi\libnurbs\internals\displaymode.h">
      <Filter>Header Files</Filter>
    </ClInclude>
    <ClInclude Include="..\..\..\..\src\glu\sgi\libnurbs\internals\flist.h">
      <Filter>Header Files</Filter>
    </ClInclude>
    <ClInclude Include="..\..\..\..\src\glu\sgi\libnurbs\internals\flistsorter.h">
      <Filter>Header Files</Filter>
    </ClInclude>
    <ClInclude Include="..\..\..\..\src\glu\sgi\libtess\geom.h">
      <Filter>Header Files</Filter>
    </ClInclude>
    <ClInclude Include="..\..\..\..\src\glu\sgi\libnurbs\interface\glcurveval.h">
      <Filter>Header Files</Filter>
    </ClInclude>
    <ClInclude Include="..\..\..\..\src\glu\sgi\libnurbs\interface\glimports.h">
      <Filter>Header Files</Filter>
    </ClInclude>
    <ClInclude Include="..\..\..\..\src\glu\sgi\libnurbs\nurbtess\glimports.h">
      <Filter>Header Files</Filter>
    </ClInclude>
    <ClInclude Include="..\..\..\..\src\glu\sgi\libnurbs\interface\glrenderer.h">
      <Filter>Header Files</Filter>
    </ClInclude>
    <ClInclude Include="..\..\..\..\src\glu\sgi\libnurbs\interface\glsurfeval.h">
      <Filter>Header Files</Filter>
    </ClInclude>
    <ClInclude Include="..\..\..\..\src\glu\sgi\libutil\gluint.h">
      <Filter>Header Files</Filter>
    </ClInclude>
    <ClInclude Include="..\..\..\..\src\glu\sgi\include\gluos.h">
      <Filter>Header Files</Filter>
    </ClInclude>
    <ClInclude Include="..\..\..\..\src\glu\sgi\libnurbs\internals\gridline.h">
      <Filter>Header Files</Filter>
    </ClInclude>
    <ClInclude Include="..\..\..\..\src\glu\sgi\libnurbs\internals\gridtrimvertex.h">
      <Filter>Header Files</Filter>
    </ClInclude>
    <ClInclude Include="..\..\..\..\src\glu\sgi\libnurbs\internals\gridvertex.h">
      <Filter>Header Files</Filter>
    </ClInclude>
    <ClInclude Include="..\..\..\..\src\glu\sgi\libnurbs\nurbtess\gridWrap.h">
      <Filter>Header Files</Filter>
    </ClInclude>
    <ClInclude Include="..\..\..\..\src\glu\sgi\libnurbs\internals\hull.h">
      <Filter>Header Files</Filter>
    </ClInclude>
    <ClInclude Include="..\..\..\..\src\glu\sgi\libnurbs\internals\jarcloc.h">
      <Filter>Header Files</Filter>
    </ClInclude>
    <ClInclude Include="..\..\..\..\src\glu\sgi\libnurbs\internals\knotvector.h">
      <Filter>Header Files</Filter>
    </ClInclude>
    <ClInclude Include="..\..\..\..\src\glu\sgi\libnurbs\internals\mapdesc.h">
      <Filter>Header Files</Filter>
    </ClInclude>
    <ClInclude Include="..\..\..\..\src\glu\sgi\libnurbs\internals\maplist.h">
      <Filter>Header Files</Filter>
    </ClInclude>
    <ClInclude Include="..\..\..\..\src\glu\sgi\libtess\memalloc.h">
      <Filter>Header Files</Filter>
    </ClInclude>
    <ClInclude Include="..\..\..\..\src\glu\sgi\libtess\mesh.h">
      <Filter>Header Files</Filter>
    </ClInclude>
    <ClInclude Include="..\..\..\..\src\glu\sgi\libnurbs\internals\mesher.h">
      <Filter>Header Files</Filter>
    </ClInclude>
    <ClInclude Include="..\..\..\..\src\glu\sgi\libnurbs\nurbtess\monoChain.h">
      <Filter>Header Files</Filter>
    </ClInclude>
    <ClInclude Include="..\..\..\..\src\glu\sgi\libnurbs\nurbtess\monoPolyPart.h">
      <Filter>Header Files</Filter>
    </ClInclude>
    <ClInclude Include="..\..\..\..\src\glu\sgi\libnurbs\internals\monotonizer.h">
      <Filter>Header Files</Filter>
    </ClInclude>
    <ClInclude Include="..\..\..\..\src\glu\sgi\libnurbs\nurbtess\monoTriangulation.h">
      <Filter>Header Files</Filter>
    </ClInclude>
    <ClInclude Include="..\..\..\..\src\glu\sgi\libnurbs\internals\myassert.h">
      <Filter>Header Files</Filter>
    </ClInclude>
    <ClInclude Include="..\..\..\..\src\glu\sgi\libnurbs\internals\mymath.h">
      <Filter>Header Files</Filter>
    </ClInclude>
    <ClInclude Include="..\..\..\..\src\glu\sgi\libnurbs\internals\mysetjmp.h">
      <Filter>Header Files</Filter>
    </ClInclude>
    <ClInclude Include="..\..\..\..\src\glu\sgi\libnurbs\interface\mystdio.h">
      <Filter>Header Files</Filter>
    </ClInclude>
    <ClInclude Include="..\..\..\..\src\glu\sgi\libnurbs\nurbtess\mystdio.h">
      <Filter>Header Files</Filter>
    </ClInclude>
    <ClInclude Include="..\..\..\..\src\glu\sgi\libnurbs\interface\mystdlib.h">
      <Filter>Header Files</Filter>
    </ClInclude>
    <ClInclude Include="..\..\..\..\src\glu\sgi\libnurbs\nurbtess\mystdlib.h">
      <Filter>Header Files</Filter>
    </ClInclude>
    <ClInclude Include="..\..\..\..\src\glu\sgi\libnurbs\internals\mystring.h">
      <Filter>Header Files</Filter>
    </ClInclude>
    <ClInclude Include="..\..\..\..\src\glu\sgi\libtess\normal.h">
      <Filter>Header Files</Filter>
    </ClInclude>
    <ClInclude Include="..\..\..\..\src\glu\sgi\libnurbs\internals\nurbsconsts.h">
      <Filter>Header Files</Filter>
    </ClInclude>
    <ClInclude Include="..\..\..\..\src\glu\sgi\libnurbs\internals\nurbstess.h">
      <Filter>Header Files</Filter>
    </ClInclude>
    <ClInclude Include="..\..\..\..\src\glu\sgi\libnurbs\nurbtess\partitionX.h">
      <Filter>Header Files</Filter>
    </ClInclude>
    <ClInclude Include="..\..\..\..\src\glu\sgi\libnurbs\nurbtess\partitionY.h">
      <Filter>Header Files</Filter>
    </ClInclude>
    <ClInclude Include="..\..\..\..\src\glu\sgi\libnurbs\internals\patch.h">
      <Filter>Header Files</Filter>
    </ClInclude>
    <ClInclude Include="..\..\..\..\src\glu\sgi\libnurbs\internals\patchlist.h">
      <Filter>Header Files</Filter>
    </ClInclude>
    <ClInclude Include="..\..\..\..\src\glu\sgi\libnurbs\nurbtess\polyDBG.h">
      <Filter>Header Files</Filter>
    </ClInclude>
    <ClInclude Include="..\..\..\..\src\glu\sgi\libnurbs\nurbtess\polyUtil.h">
      <Filter>Header Files</Filter>
    </ClInclude>
    <ClInclude Include="..\..\..\..\src\glu\sgi\libnurbs\nurbtess\primitiveStream.h">
      <Filter>Header Files</Filter>
    </ClInclude>
    <ClInclude Include="..\..\..\..\src\glu\sgi\libtess\priorityq-heap.h">
      <Filter>Header Files</Filter>
    </ClInclude>
    <ClInclude Include="..\..\..\..\src\glu\sgi\libtess\priorityq-sort.h">
      <Filter>Header Files</Filter>
    </ClInclude>
    <ClInclude Include="..\..\..\..\src\glu\sgi\libtess\priorityq.h">
      <Filter>Header Files</Filter>
    </ClInclude>
    <ClInclude Include="..\..\..\..\src\glu\sgi\libnurbs\internals\pwlarc.h">
      <Filter>Header Files</Filter>
    </ClInclude>
    <ClInclude Include="..\..\..\..\src\glu\sgi\libnurbs\nurbtess\quicksort.h">
      <Filter>Header Files</Filter>
    </ClInclude>
    <ClInclude Include="..\..\..\..\src\glu\sgi\libnurbs\internals\quilt.h">
      <Filter>Header Files</Filter>
    </ClInclude>
    <ClInclude Include="..\..\..\..\src\glu\sgi\libnurbs\internals\reader.h">
      <Filter>Header Files</Filter>
    </ClInclude>
    <ClInclude Include="..\..\..\..\src\glu\sgi\libnurbs\nurbtess\rectBlock.h">
      <Filter>Header Files</Filter>
    </ClInclude>
    <ClInclude Include="..\..\..\..\src\glu\sgi\libtess\render.h">
      <Filter>Header Files</Filter>
    </ClInclude>
    <ClInclude Include="..\..\..\..\src\glu\sgi\libnurbs\internals\renderhints.h">
      <Filter>Header Files</Filter>
    </ClInclude>
    <ClInclude Include="..\..\..\..\src\glu\sgi\libnurbs\nurbtess\sampleComp.h">
      <Filter>Header Files</Filter>
    </ClInclude>
    <ClInclude Include="..\..\..\..\src\glu\sgi\libnurbs\nurbtess\sampleCompBot.h">
      <Filter>Header Files</Filter>
    </ClInclude>
    <ClInclude Include="..\..\..\..\src\glu\sgi\libnurbs\nurbtess\sampleCompRight.h">
      <Filter>Header Files</Filter>
    </ClInclude>
    <ClInclude Include="..\..\..\..\src\glu\sgi\libnurbs\nurbtess\sampleCompTop.h">
      <Filter>Header Files</Filter>
    </ClInclude>
    <ClInclude Include="..\..\..\..\src\glu\sgi\libnurbs\nurbtess\sampledLine.h">
      <Filter>Header Files</Filter>
    </ClInclude>
    <ClInclude Include="..\..\..\..\src\glu\sgi\libnurbs\nurbtess\sampleMonoPoly.h">
      <Filter>Header Files</Filter>
    </ClInclude>
    <ClInclude Include="..\..\..\..\src\glu\sgi\libnurbs\nurbtess\searchTree.h">
      <Filter>Header Files</Filter>
    </ClInclude>
    <ClInclude Include="..\..\..\..\src\glu\sgi\libnurbs\internals\simplemath.h">
      <Filter>Header Files</Filter>
    </ClInclude>
    <ClInclude Include="..\..\..\..\src\glu\sgi\libnurbs\internals\slicer.h">
      <Filter>Header Files</Filter>
    </ClInclude>
    <ClInclude Include="..\..\..\..\src\glu\sgi\libnurbs\internals\sorter.h">
      <Filter>Header Files</Filter>
    </ClInclude>
    <ClInclude Include="..\..\..\..\src\glu\sgi\libnurbs\internals\subdivider.h">
      <Filter>Header Files</Filter>
    </ClInclude>
    <ClInclude Include="..\..\..\..\src\glu\sgi\libtess\sweep.h">
      <Filter>Header Files</Filter>
    </ClInclude>
    <ClInclude Include="..\..\..\..\src\glu\sgi\libtess\tess.h">
      <Filter>Header Files</Filter>
    </ClInclude>
    <ClInclude Include="..\..\..\..\src\glu\sgi\libtess\tessmono.h">
      <Filter>Header Files</Filter>
    </ClInclude>
    <ClInclude Include="..\..\..\..\src\glu\sgi\libnurbs\internals\trimline.h">
      <Filter>Header Files</Filter>
    </ClInclude>
    <ClInclude Include="..\..\..\..\src\glu\sgi\libnurbs\internals\trimregion.h">
      <Filter>Header Files</Filter>
    </ClInclude>
    <ClInclude Include="..\..\..\..\src\glu\sgi\libnurbs\internals\trimvertex.h">
      <Filter>Header Files</Filter>
    </ClInclude>
    <ClInclude Include="..\..\..\..\src\glu\sgi\libnurbs\internals\trimvertpool.h">
      <Filter>Header Files</Filter>
    </ClInclude>
    <ClInclude Include="..\..\..\..\src\glu\sgi\libnurbs\internals\types.h">
      <Filter>Header Files</Filter>
    </ClInclude>
    <ClInclude Include="..\..\..\..\src\glu\sgi\libnurbs\internals\uarray.h">
      <Filter>Header Files</Filter>
    </ClInclude>
    <ClInclude Include="..\..\..\..\src\glu\sgi\libnurbs\internals\varray.h">
      <Filter>Header Files</Filter>
    </ClInclude>
    <ClInclude Include="..\..\..\..\src\glu\sgi\libnurbs\nurbtess\zlassert.h">
      <Filter>Header Files</Filter>
    </ClInclude>
  </ItemGroup>
</Project>