Microsoft Visual Studio Solution File, Format Version 8.00
Project("{8BC9CEB8-8B4A-11D0-8D11-00A0C91BC942}") = "mhmake", "mhmakevc6.vcproj", "{7F1669C8-7974-45DF-9B71-0E2A8DC44C06}"
	ProjectSection(ProjectDependencies) = postProject
	EndProjectSection
EndProject
Global
	GlobalSection(SolutionConfiguration) = preSolution
		Debug = Debug
		Profile = Profile
		Release = Release
	EndGlobalSection
	GlobalSection(ProjectConfiguration) = postSolution
		{7F1669C8-7974-45DF-9B71-0E2A8DC44C06}.Debug.ActiveCfg = Debug|Win32
		{7F1669C8-7974-45DF-9B71-0E2A8DC44C06}.Debug.Build.0 = Debug|Win32
		{7F1669C8-7974-45DF-9B71-0E2A8DC44C06}.Profile.ActiveCfg = Profile|Win32
		{7F1669C8-7974-45DF-9B71-0E2A8DC44C06}.Profile.Build.0 = Profile|Win32
		{7F1669C8-7974-45DF-9B71-0E2A8DC44C06}.Release.ActiveCfg = Release|Win32
		{7F1669C8-7974-45DF-9B71-0E2A8DC44C06}.Release.Build.0 = Release|Win32
	EndGlobalSection
	GlobalSection(ExtensibilityGlobals) = postSolution
	EndGlobalSection
	GlobalSection(ExtensibilityAddIns) = postSolution
	EndGlobalSection
EndGlobal
