Microsoft Visual Studio Solution File, Format Version 11.00
# Visual Studio 2010
Project("{8BC9CEB8-8B4A-11D0-8D11-00A0C91BC942}") = "mhmake", "mhmake.vcxproj", "{7F1669C8-7974-45DF-9B71-0E2A8DC44C06}"
EndProject
Global
	GlobalSection(SolutionConfigurationPlatforms) = preSolution
		Debug|Win32 = Debug|Win32
		Debug|x64 = Debug|x64
		Profile|Win32 = Profile|Win32
		Profile|x64 = Profile|x64
		Release|Win32 = Release|Win32
		Release|x64 = Release|x64
	EndGlobalSection
	GlobalSection(ProjectConfigurationPlatforms) = postSolution
		{7F1669C8-7974-45DF-9B71-0E2A8DC44C06}.Debug|Win32.ActiveCfg = Debug|Win32
		{7F1669C8-7974-45DF-9B71-0E2A8DC44C06}.Debug|Win32.Build.0 = Debug|Win32
		{7F1669C8-7974-45DF-9B71-0E2A8DC44C06}.Debug|x64.ActiveCfg = Debug|x64
		{7F1669C8-7974-45DF-9B71-0E2A8DC44C06}.Debug|x64.Build.0 = Debug|x64
		{7F1669C8-7974-45DF-9B71-0E2A8DC44C06}.Profile|Win32.ActiveCfg = Profile|Win32
		{7F1669C8-7974-45DF-9B71-0E2A8DC44C06}.Profile|Win32.Build.0 = Profile|Win32
		{7F1669C8-7974-45DF-9B71-0E2A8DC44C06}.Profile|x64.ActiveCfg = Profile|x64
		{7F1669C8-7974-45DF-9B71-0E2A8DC44C06}.Profile|x64.Build.0 = Profile|x64
		{7F1669C8-7974-45DF-9B71-0E2A8DC44C06}.Release|Win32.ActiveCfg = Release|Win32
		{7F1669C8-7974-45DF-9B71-0E2A8DC44C06}.Release|Win32.Build.0 = Release|Win32
		{7F1669C8-7974-45DF-9B71-0E2A8DC44C06}.Release|x64.ActiveCfg = Release|x64
		{7F1669C8-7974-45DF-9B71-0E2A8DC44C06}.Release|x64.Build.0 = Release|x64
	EndGlobalSection
	GlobalSection(SolutionProperties) = preSolution
		HideSolutionNode = FALSE
	EndGlobalSection
EndGlobal
