<?xml version="1.0" encoding="utf-8"?>
<Project ToolsVersion="4.0" xmlns="http://schemas.microsoft.com/developer/msbuild/2003">
  <ItemGroup>
    <Filter Include="Source Files">
      <UniqueIdentifier>{e9db2f40-4c63-488d-bb89-1eee3e458055}</UniqueIdentifier>
      <Extensions>cpp;c;cxx;rc;def;r;odl;idl;hpj;bat</Extensions>
    </Filter>
    <Filter Include="Header Files">
      <UniqueIdentifier>{bf259917-974f-4378-94e5-126d6d1889e9}</UniqueIdentifier>
      <Extensions>h;hpp;hxx;hm;inl</Extensions>
    </Filter>
    <Filter Include="Parser Files">
      <UniqueIdentifier>{5c6c4864-cd40-427e-825a-4a3028933fe0}</UniqueIdentifier>
      <Extensions>l;y;cpp;h</Extensions>
    </Filter>
    <Filter Include="Parser Files\Auto">
      <UniqueIdentifier>{06532204-d72c-459e-be81-db8b0725c996}</UniqueIdentifier>
      <Extensions>cpp;h</Extensions>
    </Filter>
    <Filter Include="Resource Files">
      <UniqueIdentifier>{c4505c11-9108-48e9-8d61-6247b696335e}</UniqueIdentifier>
      <Extensions>ico;cur;bmp;dlg;rc2;rct;bin;rgs;gif;jpg;jpeg;jpe</Extensions>
    </Filter>
  </ItemGroup>
  <ItemGroup>
    <ClCompile Include="src\build.cpp">
      <Filter>Source Files</Filter>
    </ClCompile>
    <ClCompile Include="src\commandqueue.cpp">
      <Filter>Source Files</Filter>
    </ClCompile>
    <ClCompile Include="src\curdir.cpp">
      <Filter>Source Files</Filter>
    </ClCompile>
    <ClCompile Include="src\fileinfo.cpp">
      <Filter>Source Files</Filter>
    </ClCompile>
    <ClCompile Include="src\functions.cpp">
      <Filter>Source Files</Filter>
    </ClCompile>
    <ClCompile Include="src\md5.cpp">
      <Filter>Source Files</Filter>
    </ClCompile>
    <ClCompile Include="src\mhmake.cpp">
      <Filter>Source Files</Filter>
    </ClCompile>
    <ClCompile Include="src\mhmakefileparser.cpp">
      <Filter>Source Files</Filter>
    </ClCompile>
    <ClCompile Include="src\rule.cpp">
      <Filter>Source Files</Filter>
    </ClCompile>
    <ClCompile Include="src\stdafx.cpp">
      <Filter>Source Files</Filter>
    </ClCompile>
    <ClCompile Include="src\util.cpp">
      <Filter>Source Files</Filter>
    </ClCompile>
    <ClCompile Include="$(OutDir)mhmakelexer.cpp">
      <Filter>Parser Files\Auto</Filter>
    </ClCompile>
    <ClCompile Include="$(OutDir)mhmakeparser.cpp">
      <Filter>Parser Files\Auto</Filter>
    </ClCompile>
  </ItemGroup>
  <ItemGroup>
    <ClInclude Include="src\commandqueue.h">
      <Filter>Header Files</Filter>
    </ClInclude>
    <ClInclude Include="src\curdir.h">
      <Filter>Header Files</Filter>
    </ClInclude>
    <ClInclude Include="src\fileinfo.h">
      <Filter>Header Files</Filter>
    </ClInclude>
    <ClInclude Include="src\md5.h">
      <Filter>Header Files</Filter>
    </ClInclude>
    <ClInclude Include="src\mhmakefileparser.h">
      <Filter>Header Files</Filter>
    </ClInclude>
    <ClInclude Include="src\refptr.h">
      <Filter>Header Files</Filter>
    </ClInclude>
    <ClInclude Include="src\rule.h">
      <Filter>Header Files</Filter>
    </ClInclude>
    <ClInclude Include="src\stdafx.h">
      <Filter>Header Files</Filter>
    </ClInclude>
    <ClInclude Include="src\util.h">
      <Filter>Header Files</Filter>
    </ClInclude>
    <ClInclude Include="$(OutDir)mhmakelexer.h">
      <Filter>Parser Files\Auto</Filter>
    </ClInclude>
    <ClInclude Include="$(OutDir)mhmakeparser.h">
      <Filter>Parser Files\Auto</Filter>
    </ClInclude>
    <ClInclude Include="src\bison.h">
      <Filter>Header Files</Filter>
    </ClInclude>
  </ItemGroup>
  <ItemGroup>
    <CustomBuild Include="src\mhmakeLexer.l">
      <Filter>Parser Files</Filter>
    </CustomBuild>
    <CustomBuild Include="src\mhmakeParser.y">
      <Filter>Parser Files</Filter>
    </CustomBuild>
  </ItemGroup>
</Project>