<?xml version="1.0" encoding="utf-8"?>
<Project ToolsVersion="4.0" xmlns="http://schemas.microsoft.com/developer/msbuild/2003">
  <ItemGroup>
    <Filter Include="Source Files">
      <UniqueIdentifier>{bafa54b0-cf70-4114-a02b-5950c0d4d6e3}</UniqueIdentifier>
      <Extensions>cpp;c;cxx;rc;def;r;odl;idl;hpj;bat</Extensions>
    </Filter>
    <Filter Include="Header Files">
      <UniqueIdentifier>{a92d61c8-68ae-49f8-b843-a793ac9bb6c6}</UniqueIdentifier>
      <Extensions>h;hpp;hxx;hm;inl</Extensions>
    </Filter>
    <Filter Include="Parser Files">
      <UniqueIdentifier>{a793606c-0dbc-4f42-9ad8-a61cf7773455}</UniqueIdentifier>
      <Extensions>l;y;cpp;h</Extensions>
    </Filter>
    <Filter Include="Parser Files\Auto">
      <UniqueIdentifier>{e31daf7b-6a21-4a06-ac86-07625e21fd87}</UniqueIdentifier>
      <Extensions>cpp;h</Extensions>
    </Filter>
    <Filter Include="Resource Files">
      <UniqueIdentifier>{bd4cf27c-0b86-4d5c-8dae-963cc3953cbb}</UniqueIdentifier>
      <Extensions>ico;cur;bmp;dlg;rc2;rct;bin;rgs;gif;jpg;jpeg;jpe</Extensions>
    </Filter>
  </ItemGroup>
  <ItemGroup>
    <ClCompile Include="src\build.cpp">
      <Filter>Source Files</Filter>
    </ClCompile>
    <ClCompile Include="src\commandqueue.cpp">
      <Filter>Source Files</Filter>
    </ClCompile>
    <ClCompile Include="src\curdir.cpp">
      <Filter>Source Files</Filter>
    </ClCompile>
    <ClCompile Include="src\fileinfo.cpp">
      <Filter>Source Files</Filter>
    </ClCompile>
    <ClCompile Include="src\functions.cpp">
      <Filter>Source Files</Filter>
    </ClCompile>
    <ClCompile Include="src\md5.cpp">
      <Filter>Source Files</Filter>
    </ClCompile>
    <ClCompile Include="src\mhmake.cpp">
      <Filter>Source Files</Filter>
    </ClCompile>
    <ClCompile Include="src\mhmakefileparser.cpp">
      <Filter>Source Files</Filter>
    </ClCompile>
    <ClCompile Include="src\rule.cpp">
      <Filter>Source Files</Filter>
    </ClCompile>
    <ClCompile Include="src\stdafx.cpp">
      <Filter>Source Files</Filter>
    </ClCompile>
    <ClCompile Include="src\util.cpp">
      <Filter>Source Files</Filter>
    </ClCompile>
    <ClCompile Include="$(OutDir)\mhmakelexer.cpp">
      <Filter>Source Files</Filter>
    </ClCompile>
    <ClCompile Include="$(OutDir)\mhmakeparser.cpp">
      <Filter>Source Files</Filter>
    </ClCompile>
  </ItemGroup>
  <ItemGroup>
    <ClInclude Include="src\commandqueue.h">
      <Filter>Header Files</Filter>
    </ClInclude>
    <ClInclude Include="src\curdir.h">
      <Filter>Header Files</Filter>
    </ClInclude>
    <ClInclude Include="src\fileinfo.h">
      <Filter>Header Files</Filter>
    </ClInclude>
    <ClInclude Include="src\md5.h">
      <Filter>Header Files</Filter>
    </ClInclude>
    <ClInclude Include="src\mhmakefileparser.h">
      <Filter>Header Files</Filter>
    </ClInclude>
    <ClInclude Include="src\refptr.h">
      <Filter>Header Files</Filter>
    </ClInclude>
    <ClInclude Include="src\rule.h">
      <Filter>Header Files</Filter>
    </ClInclude>
    <ClInclude Include="src\stdafx.h">
      <Filter>Header Files</Filter>
    </ClInclude>
    <ClInclude Include="src\util.h">
      <Filter>Header Files</Filter>
    </ClInclude>
    <ClInclude Include="src\flexlexer.h">
      <Filter>Header Files</Filter>
    </ClInclude>
    <ClInclude Include="src\flexint.h">
      <Filter>Header Files</Filter>
    </ClInclude>
  </ItemGroup>
  <ItemGroup>
    <CustomBuild Include="src\mhmakeLexer.l">
      <Filter>Parser Files</Filter>
    </CustomBuild>
    <CustomBuild Include="src\mhmakeParser.y">
      <Filter>Parser Files</Filter>
    </CustomBuild>
  </ItemGroup>
</Project>