<?xml version="1.0" encoding="utf-8"?>
<Project ToolsVersion="4.0" xmlns="http://schemas.microsoft.com/developer/msbuild/2003">
  <ItemGroup>
    <Filter Include="Source Files">
      <UniqueIdentifier>{26b92932-daf0-47c0-b04a-c77f12e61e08}</UniqueIdentifier>
      <Extensions>cpp;c;cxx;rc;def;r;odl;idl;hpj;bat</Extensions>
    </Filter>
    <Filter Include="Header Files">
      <UniqueIdentifier>{6828e5e5-10d5-456e-88ac-62a6203c15a8}</UniqueIdentifier>
      <Extensions>h;hpp;hxx;hm;inl</Extensions>
    </Filter>
  </ItemGroup>
  <ItemGroup>
    <ClCompile Include="src\autofit\afangles.c">
      <Filter>Source Files</Filter>
    </ClCompile>
    <ClCompile Include="src\autofit\afcjk.c">
      <Filter>Source Files</Filter>
    </ClCompile>
    <ClCompile Include="src\autofit\afdummy.c">
      <Filter>Source Files</Filter>
    </ClCompile>
    <ClCompile Include="src\autofit\afglobal.c">
      <Filter>Source Files</Filter>
    </ClCompile>
    <ClCompile Include="src\autofit\afhints.c">
      <Filter>Source Files</Filter>
    </ClCompile>
    <ClCompile Include="src\autofit\afindic.c">
      <Filter>Source Files</Filter>
    </ClCompile>
    <ClCompile Include="src\autofit\aflatin.c">
      <Filter>Source Files</Filter>
    </ClCompile>
    <ClCompile Include="src\autofit\afloader.c">
      <Filter>Source Files</Filter>
    </ClCompile>
    <ClCompile Include="src\autofit\afmodule.c">
      <Filter>Source Files</Filter>
    </ClCompile>
    <ClCompile Include="src\psaux\afmparse.c">
      <Filter>Source Files</Filter>
    </ClCompile>
    <ClCompile Include="src\bdf\bdfdrivr.c">
      <Filter>Source Files</Filter>
    </ClCompile>
    <ClCompile Include="src\bdf\bdflib.c">
      <Filter>Source Files</Filter>
    </ClCompile>
    <ClCompile Include="src\cff\cff.c">
      <Filter>Source Files</Filter>
    </ClCompile>
    <ClCompile Include="src\base\ftbase.c">
      <Filter>Source Files</Filter>
    </ClCompile>
    <ClCompile Include="src\base\ftbbox.c">
      <Filter>Source Files</Filter>
    </ClCompile>
    <ClCompile Include="src\base\ftbdf.c">
      <Filter>Source Files</Filter>
    </ClCompile>
    <ClCompile Include="src\base\ftdebug.c">
      <Filter>Source Files</Filter>
    </ClCompile>
    <ClCompile Include="src\base\ftglyph.c">
      <Filter>Source Files</Filter>
    </ClCompile>
    <ClCompile Include="src\gzip\ftgzip.c">
      <Filter>Source Files</Filter>
    </ClCompile>
    <ClCompile Include="src\base\ftinit.c">
      <Filter>Source Files</Filter>
    </ClCompile>
    <ClCompile Include="src\lzw\ftlzw.c">
      <Filter>Source Files</Filter>
    </ClCompile>
    <ClCompile Include="src\base\ftmm.c">
      <Filter>Source Files</Filter>
    </ClCompile>
    <ClCompile Include="src\raster\ftraster.c">
      <Filter>Source Files</Filter>
    </ClCompile>
    <ClCompile Include="src\raster\ftrend1.c">
      <Filter>Source Files</Filter>
    </ClCompile>
    <ClCompile Include="src\base\ftsystem.c">
      <Filter>Source Files</Filter>
    </ClCompile>
    <ClCompile Include="src\base\fttype1.c">
      <Filter>Source Files</Filter>
    </ClCompile>
    <ClCompile Include="src\base\ftxf86.c">
      <Filter>Source Files</Filter>
    </ClCompile>
    <ClCompile Include="src\pcf\pcfdrivr.c">
      <Filter>Source Files</Filter>
    </ClCompile>
    <ClCompile Include="src\pcf\pcfread.c">
      <Filter>Source Files</Filter>
    </ClCompile>
    <ClCompile Include="src\pfr\pfrcmap.c">
      <Filter>Source Files</Filter>
    </ClCompile>
    <ClCompile Include="src\pfr\pfrdrivr.c">
      <Filter>Source Files</Filter>
    </ClCompile>
    <ClCompile Include="src\pfr\pfrgload.c">
      <Filter>Source Files</Filter>
    </ClCompile>
    <ClCompile Include="src\pfr\pfrload.c">
      <Filter>Source Files</Filter>
    </ClCompile>
    <ClCompile Include="src\pfr\pfrobjs.c">
      <Filter>Source Files</Filter>
    </ClCompile>
    <ClCompile Include="src\pfr\pfrsbit.c">
      <Filter>Source Files</Filter>
    </ClCompile>
    <ClCompile Include="src\psaux\psauxmod.c">
      <Filter>Source Files</Filter>
    </ClCompile>
    <ClCompile Include="src\psaux\psconv.c">
      <Filter>Source Files</Filter>
    </ClCompile>
    <ClCompile Include="src\pshinter\pshalgo.c">
      <Filter>Source Files</Filter>
    </ClCompile>
    <ClCompile Include="src\pshinter\pshglob.c">
      <Filter>Source Files</Filter>
    </ClCompile>
    <ClCompile Include="src\pshinter\pshmod.c">
      <Filter>Source Files</Filter>
    </ClCompile>
    <ClCompile Include="src\pshinter\pshrec.c">
      <Filter>Source Files</Filter>
    </ClCompile>
    <ClCompile Include="src\psnames\psmodule.c">
      <Filter>Source Files</Filter>
    </ClCompile>
    <ClCompile Include="src\psaux\psobjs.c">
      <Filter>Source Files</Filter>
    </ClCompile>
    <ClCompile Include="src\sfnt\sfnt.c">
      <Filter>Source Files</Filter>
    </ClCompile>
    <ClCompile Include="src\smooth\smooth.c">
      <Filter>Source Files</Filter>
    </ClCompile>
    <ClCompile Include="src\type1\t1afm.c">
      <Filter>Source Files</Filter>
    </ClCompile>
    <ClCompile Include="src\psaux\t1cmap.c">
      <Filter>Source Files</Filter>
    </ClCompile>
    <ClCompile Include="src\psaux\t1decode.c">
      <Filter>Source Files</Filter>
    </ClCompile>
    <ClCompile Include="src\type1\t1driver.c">
      <Filter>Source Files</Filter>
    </ClCompile>
    <ClCompile Include="src\type1\t1gload.c">
      <Filter>Source Files</Filter>
    </ClCompile>
    <ClCompile Include="src\type1\t1load.c">
      <Filter>Source Files</Filter>
    </ClCompile>
    <ClCompile Include="src\type1\t1objs.c">
      <Filter>Source Files</Filter>
    </ClCompile>
    <ClCompile Include="src\type1\t1parse.c">
      <Filter>Source Files</Filter>
    </ClCompile>
    <ClCompile Include="src\type42\t42drivr.c">
      <Filter>Source Files</Filter>
    </ClCompile>
    <ClCompile Include="src\type42\t42objs.c">
      <Filter>Source Files</Filter>
    </ClCompile>
    <ClCompile Include="src\type42\t42parse.c">
      <Filter>Source Files</Filter>
    </ClCompile>
    <ClCompile Include="src\truetype\truetype.c">
      <Filter>Source Files</Filter>
    </ClCompile>
    <ClCompile Include="src\cid\type1cid.c">
      <Filter>Source Files</Filter>
    </ClCompile>
    <ClCompile Include="src\winfonts\winfnt.c">
      <Filter>Source Files</Filter>
    </ClCompile>
    <ClCompile Include="src\base\ftlcdfil.c">
      <Filter>Source Files</Filter>
    </ClCompile>
  </ItemGroup>
  <ItemGroup>
    <ClInclude Include="include\freetype\freetype.h">
      <Filter>Header Files</Filter>
    </ClInclude>
    <ClInclude Include="include\freetype\config\ftconfig.h">
      <Filter>Header Files</Filter>
    </ClInclude>
    <ClInclude Include="include\freetype\fterrors.h">
      <Filter>Header Files</Filter>
    </ClInclude>
    <ClInclude Include="include\freetype\config\ftoption.h">
      <Filter>Header Files</Filter>
    </ClInclude>
    <ClInclude Include="include\freetype\fttypes.h">
      <Filter>Header Files</Filter>
    </ClInclude>
  </ItemGroup>
</Project>