Microsoft Visual Studio Solution File, Format Version 11.00
# Visual Studio 2010
Project("{8BC9CEB8-8B4A-11D0-8D11-00A0C91BC942}") = "gdi", "gdi\gdi.vcxproj", "{A1B24907-E196-4826-B6AF-26723629B633}"
EndProject
Project("{8BC9CEB8-8B4A-11D0-8D11-00A0C91BC942}") = "glu", "glu\glu.vcxproj", "{2E50FDAF-430B-475B-AE6B-60B68F2875BA}"
EndProject
Project("{8BC9CEB8-8B4A-11D0-8D11-00A0C91BC942}") = "mesa", "mesa\mesa.vcxproj", "{2120C974-2717-4709-B44F-D6E6D0A56448}"
EndProject
Project("{8BC9CEB8-8B4A-11D0-8D11-00A0C91BC942}") = "osmesa", "osmesa\osmesa.vcxproj", "{8D6CD423-383B-49E7-81BC-D20C70B07DF5}"
EndProject
Project("{8BC9CEB8-8B4A-11D0-8D11-00A0C91BC942}") = "glsl_apps_compile", "glsl_apps_compile\glsl_apps_compile.vcxproj", "{98AB3D51-1820-4D14-9195-75FCA6997784}"
EndProject
Project("{8BC9CEB8-8B4A-11D0-8D11-00A0C91BC942}") = "swrast_dri", "swrast_dri\swrast_dri.vcxproj", "{FEF62E6F-A7E0-47BE-99A0-2494717DBDB7}"
EndProject
Global
	GlobalSection(SolutionConfigurationPlatforms) = preSolution
		Debug|Win32 = Debug|Win32
		Release|Win32 = Release|Win32
	EndGlobalSection
	GlobalSection(ProjectConfigurationPlatforms) = postSolution
		{A1B24907-E196-4826-B6AF-26723629B633}.Debug|Win32.ActiveCfg = Debug|Win32
		{A1B24907-E196-4826-B6AF-26723629B633}.Release|Win32.ActiveCfg = Release|Win32
		{2E50FDAF-430B-475B-AE6B-60B68F2875BA}.Debug|Win32.ActiveCfg = Debug|Win32
		{2E50FDAF-430B-475B-AE6B-60B68F2875BA}.Release|Win32.ActiveCfg = Release|Win32
		{2120C974-2717-4709-B44F-D6E6D0A56448}.Debug|Win32.ActiveCfg = Debug|Win32
		{2120C974-2717-4709-B44F-D6E6D0A56448}.Debug|Win32.Build.0 = Debug|Win32
		{2120C974-2717-4709-B44F-D6E6D0A56448}.Release|Win32.ActiveCfg = Release|Win32
		{2120C974-2717-4709-B44F-D6E6D0A56448}.Release|Win32.Build.0 = Release|Win32
		{8D6CD423-383B-49E7-81BC-D20C70B07DF5}.Debug|Win32.ActiveCfg = Debug|Win32
		{8D6CD423-383B-49E7-81BC-D20C70B07DF5}.Release|Win32.ActiveCfg = Release|Win32
		{98AB3D51-1820-4D14-9195-75FCA6997784}.Debug|Win32.ActiveCfg = Debug|Win32
		{98AB3D51-1820-4D14-9195-75FCA6997784}.Debug|Win32.Build.0 = Debug|Win32
		{98AB3D51-1820-4D14-9195-75FCA6997784}.Release|Win32.ActiveCfg = Release|Win32
		{98AB3D51-1820-4D14-9195-75FCA6997784}.Release|Win32.Build.0 = Release|Win32
		{FEF62E6F-A7E0-47BE-99A0-2494717DBDB7}.Debug|Win32.ActiveCfg = Debug|Win32
		{FEF62E6F-A7E0-47BE-99A0-2494717DBDB7}.Debug|Win32.Build.0 = Debug|Win32
		{FEF62E6F-A7E0-47BE-99A0-2494717DBDB7}.Release|Win32.ActiveCfg = Release|Win32
		{FEF62E6F-A7E0-47BE-99A0-2494717DBDB7}.Release|Win32.Build.0 = Release|Win32
	EndGlobalSection
	GlobalSection(SolutionProperties) = preSolution
		HideSolutionNode = FALSE
	EndGlobalSection
EndGlobal
